
Microsoft Visual Studio Solution File, Format Version 12.00
# Visual Studio 15
VisualStudioVersion = 15.0.27004.2010
MinimumVisualStudioVersion = 10.0.40219.1
Project("{FAE04EC0-301F-11D3-BF4B-00C04F79EFBC}") = "aspnet_cookieauth", "aspnet_cookieauth\aspnet_cookieauth.csproj", "{262F2B4C-33E1-4DE2-AF4F-040B9466D586}"
EndProject
Global
	GlobalSection(SolutionConfigurationPlatforms) = preSolution
		Debug|Any CPU = Debug|Any CPU
		Release|Any CPU = Release|Any CPU
	EndGlobalSection
	GlobalSection(ProjectConfigurationPlatforms) = postSolution
		{262F2B4C-33E1-4DE2-AF4F-040B9466D586}.Debug|Any CPU.ActiveCfg = Debug|Any CPU
		{262F2B4C-33E1-4DE2-AF4F-040B9466D586}.Debug|Any CPU.Build.0 = Debug|Any CPU
		{262F2B4C-33E1-4DE2-AF4F-040B9466D586}.Release|Any CPU.ActiveCfg = Release|Any CPU
		{262F2B4C-33E1-4DE2-AF4F-040B9466D586}.Release|Any CPU.Build.0 = Release|Any CPU
	EndGlobalSection
	GlobalSection(SolutionProperties) = preSolution
		HideSolutionNode = FALSE
	EndGlobalSection
	GlobalSection(ExtensibilityGlobals) = postSolution
		SolutionGuid = {5CD12942-EAC0-4E14-9F98-059B073E8AE1}
	EndGlobalSection
EndGlobal
